
Microsoft Visual Studio Solution File, Format Version 12.00
# Visual Studio Version 16
VisualStudioVersion = 25.0.1705.6
MinimumVisualStudioVersion = 10.0.40219.1
Project("{FAE04EC0-301F-11D3-BF4B-00C04F79EFBC}") = "basics", "basics.csproj", "{3FA0E61B-04BA-4BB2-A97D-AACBA92AE374}"
EndProject
Project("{2150E333-8FDC-42A3-9474-1A3956D46DE8}") = "Solution Items", "Solution Items", "{DAFBB6C4-E610-4262-9C53-0E0DABA210E7}"
EndProject
Global
	GlobalSection(SolutionConfigurationPlatforms) = preSolution
		Debug|Any CPU = Debug|Any CPU
		Release|Any CPU = Release|Any CPU
	EndGlobalSection
	GlobalSection(ProjectConfigurationPlatforms) = postSolution
		{3FA0E61B-04BA-4BB2-A97D-AACBA92AE374}.Debug|Any CPU.ActiveCfg = Debug|Any CPU
		{3FA0E61B-04BA-4BB2-A97D-AACBA92AE374}.Debug|Any CPU.Build.0 = Debug|Any CPU
		{3FA0E61B-04BA-4BB2-A97D-AACBA92AE374}.Release|Any CPU.ActiveCfg = Release|Any CPU
		{3FA0E61B-04BA-4BB2-A97D-AACBA92AE374}.Release|Any CPU.Build.0 = Release|Any CPU
	EndGlobalSection
	GlobalSection(SolutionProperties) = preSolution
		HideSolutionNode = FALSE
	EndGlobalSection
	GlobalSection(ExtensibilityGlobals) = postSolution
		SolutionGuid = {A1C08935-46C7-40ED-BD20-751493B4DE56}
	EndGlobalSection
EndGlobal
